
Microsoft Visual Studio Solution File, Format Version 12.00
# Visual Studio Version 16
VisualStudioVersion = 16.0.31005.135
MinimumVisualStudioVersion = 10.0.40219.1
Project("{9A19103F-16F7-4668-BE54-9A1E7A4F7556}") = "BMO.API", "BMO.API\BMO.API.csproj", "{26DABD20-1DFB-4F88-88C5-A871DBB95924}"
	ProjectSection(ProjectDependencies) = postProject
		{B65964F7-2AD8-4463-B193-87A2E5E0AA0A} = {B65964F7-2AD8-4463-B193-87A2E5E0AA0A}
	EndProjectSection
EndProject
Project("{9A19103F-16F7-4668-BE54-9A1E7A4F7556}") = "BMO.Service", "BMO.Service\BMO.Service.csproj", "{B65964F7-2AD8-4463-B193-87A2E5E0AA0A}"
EndProject
Project("{FAE04EC0-301F-11D3-BF4B-00C04F79EFBC}") = "BMO.Model", "BMO.Model\BMO.Model.csproj", "{1974C530-30AC-4791-B591-BF9F10EB4700}"
EndProject
Project("{FAE04EC0-301F-11D3-BF4B-00C04F79EFBC}") = "BMO.Repository", "BMO.Repository\BMO.Repository.csproj", "{B1135B85-3E21-4284-ACB5-482ED21111A7}"
EndProject
Global
	GlobalSection(SolutionConfigurationPlatforms) = preSolution
		Debug|Any CPU = Debug|Any CPU
		Release|Any CPU = Release|Any CPU
	EndGlobalSection
	GlobalSection(ProjectConfigurationPlatforms) = postSolution
		{26DABD20-1DFB-4F88-88C5-A871DBB95924}.Debug|Any CPU.ActiveCfg = Debug|Any CPU
		{26DABD20-1DFB-4F88-88C5-A871DBB95924}.Debug|Any CPU.Build.0 = Debug|Any CPU
		{26DABD20-1DFB-4F88-88C5-A871DBB95924}.Release|Any CPU.ActiveCfg = Release|Any CPU
		{26DABD20-1DFB-4F88-88C5-A871DBB95924}.Release|Any CPU.Build.0 = Release|Any CPU
		{B65964F7-2AD8-4463-B193-87A2E5E0AA0A}.Debug|Any CPU.ActiveCfg = Debug|Any CPU
		{B65964F7-2AD8-4463-B193-87A2E5E0AA0A}.Debug|Any CPU.Build.0 = Debug|Any CPU
		{B65964F7-2AD8-4463-B193-87A2E5E0AA0A}.Release|Any CPU.ActiveCfg = Release|Any CPU
		{B65964F7-2AD8-4463-B193-87A2E5E0AA0A}.Release|Any CPU.Build.0 = Release|Any CPU
		{1974C530-30AC-4791-B591-BF9F10EB4700}.Debug|Any CPU.ActiveCfg = Debug|Any CPU
		{1974C530-30AC-4791-B591-BF9F10EB4700}.Debug|Any CPU.Build.0 = Debug|Any CPU
		{1974C530-30AC-4791-B591-BF9F10EB4700}.Release|Any CPU.ActiveCfg = Release|Any CPU
		{1974C530-30AC-4791-B591-BF9F10EB4700}.Release|Any CPU.Build.0 = Release|Any CPU
		{B1135B85-3E21-4284-ACB5-482ED21111A7}.Debug|Any CPU.ActiveCfg = Debug|Any CPU
		{B1135B85-3E21-4284-ACB5-482ED21111A7}.Debug|Any CPU.Build.0 = Debug|Any CPU
		{B1135B85-3E21-4284-ACB5-482ED21111A7}.Release|Any CPU.ActiveCfg = Release|Any CPU
		{B1135B85-3E21-4284-ACB5-482ED21111A7}.Release|Any CPU.Build.0 = Release|Any CPU
	EndGlobalSection
	GlobalSection(SolutionProperties) = preSolution
		HideSolutionNode = FALSE
	EndGlobalSection
	GlobalSection(ExtensibilityGlobals) = postSolution
		SolutionGuid = {66C30D58-0C8E-4E35-9D24-12840BDC7A12}
	EndGlobalSection
EndGlobal
